
Microsoft Visual Studio Solution File, Format Version 12.00
# Visual Studio 15
VisualStudioVersion = 15.0.27703.2018
MinimumVisualStudioVersion = 10.0.40219.1
Project("{9A19103F-16F7-4668-BE54-9A1E7A4F7556}") = "Rookey.FrameCore", "Rookey.FrameCore\Rookey.FrameCore.csproj", "{68B3A296-09E3-4643-B9BB-9A17D07DD82C}"
EndProject
Project("{9A19103F-16F7-4668-BE54-9A1E7A4F7556}") = "Rookey.FrameCore.Web", "Rookey.FrameCore.Web\Rookey.FrameCore.Web.csproj", "{C83DFBA9-B58D-4B2E-A8D6-7943E5AAD467}"
EndProject
Global
	GlobalSection(SolutionConfigurationPlatforms) = preSolution
		Debug|Any CPU = Debug|Any CPU
		Release|Any CPU = Release|Any CPU
	EndGlobalSection
	GlobalSection(ProjectConfigurationPlatforms) = postSolution
		{68B3A296-09E3-4643-B9BB-9A17D07DD82C}.Debug|Any CPU.ActiveCfg = Debug|Any CPU
		{68B3A296-09E3-4643-B9BB-9A17D07DD82C}.Debug|Any CPU.Build.0 = Debug|Any CPU
		{68B3A296-09E3-4643-B9BB-9A17D07DD82C}.Release|Any CPU.ActiveCfg = Release|Any CPU
		{68B3A296-09E3-4643-B9BB-9A17D07DD82C}.Release|Any CPU.Build.0 = Release|Any CPU
		{C83DFBA9-B58D-4B2E-A8D6-7943E5AAD467}.Debug|Any CPU.ActiveCfg = Debug|Any CPU
		{C83DFBA9-B58D-4B2E-A8D6-7943E5AAD467}.Debug|Any CPU.Build.0 = Debug|Any CPU
		{C83DFBA9-B58D-4B2E-A8D6-7943E5AAD467}.Release|Any CPU.ActiveCfg = Release|Any CPU
		{C83DFBA9-B58D-4B2E-A8D6-7943E5AAD467}.Release|Any CPU.Build.0 = Release|Any CPU
	EndGlobalSection
	GlobalSection(SolutionProperties) = preSolution
		HideSolutionNode = FALSE
	EndGlobalSection
	GlobalSection(ExtensibilityGlobals) = postSolution
		SolutionGuid = {E865E69F-A8CA-4FAF-B319-8A895DBC64A5}
	EndGlobalSection
EndGlobal
